
Microsoft Visual Studio Solution File, Format Version 12.00
# Visual Studio Version 16
VisualStudioVersion = 16.0.29020.237
MinimumVisualStudioVersion = 10.0.40219.1
Project("{FAE04EC0-301F-11D3-BF4B-00C04F79EFBC}") = "BulkExecuteSQL", "BulkExecuteSQL\BulkExecuteSQL.csproj", "{5B8F700B-F3DD-4788-A48D-3D2673BF8BEE}"
EndProject
Global
	GlobalSection(SolutionConfigurationPlatforms) = preSolution
		Debug|Any CPU = Debug|Any CPU
		Release|Any CPU = Release|Any CPU
	EndGlobalSection
	GlobalSection(ProjectConfigurationPlatforms) = postSolution
		{5B8F700B-F3DD-4788-A48D-3D2673BF8BEE}.Debug|Any CPU.ActiveCfg = Debug|Any CPU
		{5B8F700B-F3DD-4788-A48D-3D2673BF8BEE}.Debug|Any CPU.Build.0 = Debug|Any CPU
		{5B8F700B-F3DD-4788-A48D-3D2673BF8BEE}.Release|Any CPU.ActiveCfg = Release|Any CPU
		{5B8F700B-F3DD-4788-A48D-3D2673BF8BEE}.Release|Any CPU.Build.0 = Release|Any CPU
	EndGlobalSection
	GlobalSection(SolutionProperties) = preSolution
		HideSolutionNode = FALSE
	EndGlobalSection
	GlobalSection(ExtensibilityGlobals) = postSolution
		SolutionGuid = {27E55F01-B0C7-4F9D-9E63-A468EFE33AC1}
	EndGlobalSection
EndGlobal
